
Microsoft Visual Studio Solution File, Format Version 12.00
# Visual Studio Version 17
VisualStudioVersion = 17.2.32602.215
MinimumVisualStudioVersion = 10.0.40219.1
Project("{FAE04EC0-301F-11D3-BF4B-00C04F79EFBC}") = "WorkshopPomeriggio.Android", "WorkshopPomeriggio\WorkshopPomeriggio.Android\WorkshopPomeriggio.Android.csproj", "{57E302AC-1DD2-4CD6-A085-158E6DB685D9}"
EndProject
Project("{FAE04EC0-301F-11D3-BF4B-00C04F79EFBC}") = "WorkshopPomeriggio.iOS", "WorkshopPomeriggio\WorkshopPomeriggio.iOS\WorkshopPomeriggio.iOS.csproj", "{FE037AE5-B3D8-44FA-86D6-BBADF25D8174}"
EndProject
Project("{FAE04EC0-301F-11D3-BF4B-00C04F79EFBC}") = "WorkshopPomeriggio", "WorkshopPomeriggio\WorkshopPomeriggio\WorkshopPomeriggio.csproj", "{B176CA42-9FDA-4ED8-8A97-815CE826280A}"
EndProject
Global
	GlobalSection(SolutionConfigurationPlatforms) = preSolution
		Debug|Any CPU = Debug|Any CPU
		Debug|iPhone = Debug|iPhone
		Debug|iPhoneSimulator = Debug|iPhoneSimulator
		Release|Any CPU = Release|Any CPU
		Release|iPhone = Release|iPhone
		Release|iPhoneSimulator = Release|iPhoneSimulator
	EndGlobalSection
	GlobalSection(ProjectConfigurationPlatforms) = postSolution
		{57E302AC-1DD2-4CD6-A085-158E6DB685D9}.Debug|Any CPU.ActiveCfg = Debug|Any CPU
		{57E302AC-1DD2-4CD6-A085-158E6DB685D9}.Debug|Any CPU.Build.0 = Debug|Any CPU
		{57E302AC-1DD2-4CD6-A085-158E6DB685D9}.Debug|Any CPU.Deploy.0 = Debug|Any CPU
		{57E302AC-1DD2-4CD6-A085-158E6DB685D9}.Debug|iPhone.ActiveCfg = Debug|Any CPU
		{57E302AC-1DD2-4CD6-A085-158E6DB685D9}.Debug|iPhone.Build.0 = Debug|Any CPU
		{57E302AC-1DD2-4CD6-A085-158E6DB685D9}.Debug|iPhone.Deploy.0 = Debug|Any CPU
		{57E302AC-1DD2-4CD6-A085-158E6DB685D9}.Debug|iPhoneSimulator.ActiveCfg = Debug|Any CPU
		{57E302AC-1DD2-4CD6-A085-158E6DB685D9}.Debug|iPhoneSimulator.Build.0 = Debug|Any CPU
		{57E302AC-1DD2-4CD6-A085-158E6DB685D9}.Debug|iPhoneSimulator.Deploy.0 = Debug|Any CPU
		{57E302AC-1DD2-4CD6-A085-158E6DB685D9}.Release|Any CPU.ActiveCfg = Release|Any CPU
		{57E302AC-1DD2-4CD6-A085-158E6DB685D9}.Release|Any CPU.Build.0 = Release|Any CPU
		{57E302AC-1DD2-4CD6-A085-158E6DB685D9}.Release|Any CPU.Deploy.0 = Release|Any CPU
		{57E302AC-1DD2-4CD6-A085-158E6DB685D9}.Release|iPhone.ActiveCfg = Release|Any CPU
		{57E302AC-1DD2-4CD6-A085-158E6DB685D9}.Release|iPhone.Build.0 = Release|Any CPU
		{57E302AC-1DD2-4CD6-A085-158E6DB685D9}.Release|iPhone.Deploy.0 = Release|Any CPU
		{57E302AC-1DD2-4CD6-A085-158E6DB685D9}.Release|iPhoneSimulator.ActiveCfg = Release|Any CPU
		{57E302AC-1DD2-4CD6-A085-158E6DB685D9}.Release|iPhoneSimulator.Build.0 = Release|Any CPU
		{57E302AC-1DD2-4CD6-A085-158E6DB685D9}.Release|iPhoneSimulator.Deploy.0 = Release|Any CPU
		{FE037AE5-B3D8-44FA-86D6-BBADF25D8174}.Debug|Any CPU.ActiveCfg = Debug|iPhone
		{FE037AE5-B3D8-44FA-86D6-BBADF25D8174}.Debug|Any CPU.Build.0 = Debug|iPhone
		{FE037AE5-B3D8-44FA-86D6-BBADF25D8174}.Debug|Any CPU.Deploy.0 = Debug|iPhone
		{FE037AE5-B3D8-44FA-86D6-BBADF25D8174}.Debug|iPhone.ActiveCfg = Debug|iPhone
		{FE037AE5-B3D8-44FA-86D6-BBADF25D8174}.Debug|iPhone.Build.0 = Debug|iPhone
		{FE037AE5-B3D8-44FA-86D6-BBADF25D8174}.Debug|iPhone.Deploy.0 = Debug|iPhone
		{FE037AE5-B3D8-44FA-86D6-BBADF25D8174}.Debug|iPhoneSimulator.ActiveCfg = Debug|iPhoneSimulator
		{FE037AE5-B3D8-44FA-86D6-BBADF25D8174}.Debug|iPhoneSimulator.Build.0 = Debug|iPhoneSimulator
		{FE037AE5-B3D8-44FA-86D6-BBADF25D8174}.Debug|iPhoneSimulator.Deploy.0 = Debug|iPhoneSimulator
		{FE037AE5-B3D8-44FA-86D6-BBADF25D8174}.Release|Any CPU.ActiveCfg = Release|iPhoneSimulator
		{FE037AE5-B3D8-44FA-86D6-BBADF25D8174}.Release|Any CPU.Build.0 = Release|iPhoneSimulator
		{FE037AE5-B3D8-44FA-86D6-BBADF25D8174}.Release|Any CPU.Deploy.0 = Release|iPhoneSimulator
		{FE037AE5-B3D8-44FA-86D6-BBADF25D8174}.Release|iPhone.ActiveCfg = Release|iPhone
		{FE037AE5-B3D8-44FA-86D6-BBADF25D8174}.Release|iPhone.Build.0 = Release|iPhone
		{FE037AE5-B3D8-44FA-86D6-BBADF25D8174}.Release|iPhone.Deploy.0 = Release|iPhone
		{FE037AE5-B3D8-44FA-86D6-BBADF25D8174}.Release|iPhoneSimulator.ActiveCfg = Release|iPhoneSimulator
		{FE037AE5-B3D8-44FA-86D6-BBADF25D8174}.Release|iPhoneSimulator.Build.0 = Release|iPhoneSimulator
		{FE037AE5-B3D8-44FA-86D6-BBADF25D8174}.Release|iPhoneSimulator.Deploy.0 = Release|iPhoneSimulator
		{B176CA42-9FDA-4ED8-8A97-815CE826280A}.Debug|Any CPU.ActiveCfg = Debug|Any CPU
		{B176CA42-9FDA-4ED8-8A97-815CE826280A}.Debug|Any CPU.Build.0 = Debug|Any CPU
		{B176CA42-9FDA-4ED8-8A97-815CE826280A}.Debug|Any CPU.Deploy.0 = Debug|Any CPU
		{B176CA42-9FDA-4ED8-8A97-815CE826280A}.Debug|iPhone.ActiveCfg = Debug|Any CPU
		{B176CA42-9FDA-4ED8-8A97-815CE826280A}.Debug|iPhone.Build.0 = Debug|Any CPU
		{B176CA42-9FDA-4ED8-8A97-815CE826280A}.Debug|iPhone.Deploy.0 = Debug|Any CPU
		{B176CA42-9FDA-4ED8-8A97-815CE826280A}.Debug|iPhoneSimulator.ActiveCfg = Debug|Any CPU
		{B176CA42-9FDA-4ED8-8A97-815CE826280A}.Debug|iPhoneSimulator.Build.0 = Debug|Any CPU
		{B176CA42-9FDA-4ED8-8A97-815CE826280A}.Debug|iPhoneSimulator.Deploy.0 = Debug|Any CPU
		{B176CA42-9FDA-4ED8-8A97-815CE826280A}.Release|Any CPU.ActiveCfg = Release|Any CPU
		{B176CA42-9FDA-4ED8-8A97-815CE826280A}.Release|Any CPU.Build.0 = Release|Any CPU
		{B176CA42-9FDA-4ED8-8A97-815CE826280A}.Release|Any CPU.Deploy.0 = Release|Any CPU
		{B176CA42-9FDA-4ED8-8A97-815CE826280A}.Release|iPhone.ActiveCfg = Release|Any CPU
		{B176CA42-9FDA-4ED8-8A97-815CE826280A}.Release|iPhone.Build.0 = Release|Any CPU
		{B176CA42-9FDA-4ED8-8A97-815CE826280A}.Release|iPhone.Deploy.0 = Release|Any CPU
		{B176CA42-9FDA-4ED8-8A97-815CE826280A}.Release|iPhoneSimulator.ActiveCfg = Release|Any CPU
		{B176CA42-9FDA-4ED8-8A97-815CE826280A}.Release|iPhoneSimulator.Build.0 = Release|Any CPU
		{B176CA42-9FDA-4ED8-8A97-815CE826280A}.Release|iPhoneSimulator.Deploy.0 = Release|Any CPU
	EndGlobalSection
	GlobalSection(SolutionProperties) = preSolution
		HideSolutionNode = FALSE
	EndGlobalSection
	GlobalSection(ExtensibilityGlobals) = postSolution
		SolutionGuid = {4379FFCA-9DF8-42D2-BE86-4F58425F813F}
	EndGlobalSection
EndGlobal
